
Microsoft Visual Studio Solution File, Format Version 12.00
# Visual Studio 14
VisualStudioVersion = 14.0.24720.0
MinimumVisualStudioVersion = 10.0.40219.1
Project("{FAE04EC0-301F-11D3-BF4B-00C04F79EFBC}") = "Iris 2D Game Maker", "Iris 2D Game Maker\Iris 2D Game Maker.csproj", "{5CA31019-63BD-48DF-B265-E36FCC3C4B37}"
EndProject
Global
	GlobalSection(SolutionConfigurationPlatforms) = preSolution
		Debug|Any CPU = Debug|Any CPU
		Release|Any CPU = Release|Any CPU
	EndGlobalSection
	GlobalSection(ProjectConfigurationPlatforms) = postSolution
		{5CA31019-63BD-48DF-B265-E36FCC3C4B37}.Debug|Any CPU.ActiveCfg = Debug|Any CPU
		{5CA31019-63BD-48DF-B265-E36FCC3C4B37}.Debug|Any CPU.Build.0 = Debug|Any CPU
		{5CA31019-63BD-48DF-B265-E36FCC3C4B37}.Release|Any CPU.ActiveCfg = Release|Any CPU
		{5CA31019-63BD-48DF-B265-E36FCC3C4B37}.Release|Any CPU.Build.0 = Release|Any CPU
	EndGlobalSection
	GlobalSection(SolutionProperties) = preSolution
		HideSolutionNode = FALSE
	EndGlobalSection
EndGlobal
